
Microsoft Visual Studio Solution File, Format Version 12.00
# Visual Studio 14
VisualStudioVersion = 14.0.23107.0
MinimumVisualStudioVersion = 10.0.40219.1
Project("{FAE04EC0-301F-11D3-BF4B-00C04F79EFBC}") = "InheritanceProblems", "InheritanceProblems\InheritanceProblems.csproj", "{40B6576F-B78A-4576-BC7F-C480AD39C3AB}"
EndProject
Project("{FAE04EC0-301F-11D3-BF4B-00C04F79EFBC}") = "Animals", "Animals\Animals.csproj", "{1A072919-2973-40E4-B711-EC9746900DB3}"
EndProject
Project("{FAE04EC0-301F-11D3-BF4B-00C04F79EFBC}") = "Person", "Person\Person.csproj", "{9963F145-AEAE-42DE-B6FF-C118A5E7C9F3}"
EndProject
Project("{FAE04EC0-301F-11D3-BF4B-00C04F79EFBC}") = "Shapes", "Shapes\Shapes.csproj", "{D9AEBF0B-1439-4889-8A36-FF4E829E398F}"
EndProject
Global
	GlobalSection(SolutionConfigurationPlatforms) = preSolution
		Debug|Any CPU = Debug|Any CPU
		Release|Any CPU = Release|Any CPU
	EndGlobalSection
	GlobalSection(ProjectConfigurationPlatforms) = postSolution
		{40B6576F-B78A-4576-BC7F-C480AD39C3AB}.Debug|Any CPU.ActiveCfg = Debug|Any CPU
		{40B6576F-B78A-4576-BC7F-C480AD39C3AB}.Debug|Any CPU.Build.0 = Debug|Any CPU
		{40B6576F-B78A-4576-BC7F-C480AD39C3AB}.Release|Any CPU.ActiveCfg = Release|Any CPU
		{40B6576F-B78A-4576-BC7F-C480AD39C3AB}.Release|Any CPU.Build.0 = Release|Any CPU
		{1A072919-2973-40E4-B711-EC9746900DB3}.Debug|Any CPU.ActiveCfg = Debug|Any CPU
		{1A072919-2973-40E4-B711-EC9746900DB3}.Debug|Any CPU.Build.0 = Debug|Any CPU
		{1A072919-2973-40E4-B711-EC9746900DB3}.Release|Any CPU.ActiveCfg = Release|Any CPU
		{1A072919-2973-40E4-B711-EC9746900DB3}.Release|Any CPU.Build.0 = Release|Any CPU
		{9963F145-AEAE-42DE-B6FF-C118A5E7C9F3}.Debug|Any CPU.ActiveCfg = Debug|Any CPU
		{9963F145-AEAE-42DE-B6FF-C118A5E7C9F3}.Debug|Any CPU.Build.0 = Debug|Any CPU
		{9963F145-AEAE-42DE-B6FF-C118A5E7C9F3}.Release|Any CPU.ActiveCfg = Release|Any CPU
		{9963F145-AEAE-42DE-B6FF-C118A5E7C9F3}.Release|Any CPU.Build.0 = Release|Any CPU
		{D9AEBF0B-1439-4889-8A36-FF4E829E398F}.Debug|Any CPU.ActiveCfg = Debug|Any CPU
		{D9AEBF0B-1439-4889-8A36-FF4E829E398F}.Debug|Any CPU.Build.0 = Debug|Any CPU
		{D9AEBF0B-1439-4889-8A36-FF4E829E398F}.Release|Any CPU.ActiveCfg = Release|Any CPU
		{D9AEBF0B-1439-4889-8A36-FF4E829E398F}.Release|Any CPU.Build.0 = Release|Any CPU
	EndGlobalSection
	GlobalSection(SolutionProperties) = preSolution
		HideSolutionNode = FALSE
	EndGlobalSection
EndGlobal
